
Microsoft Visual Studio Solution File, Format Version 12.00
# Visual Studio 15
VisualStudioVersion = 15.0.28307.902
MinimumVisualStudioVersion = 10.0.40219.1
Project("{FAE04EC0-301F-11D3-BF4B-00C04F79EFBC}") = "Excel Custom Ribbon", "Excel Custom Ribbon\Excel Custom Ribbon.csproj", "{C9F357AF-9CE8-418E-8300-4F32D2F68F54}"
EndProject
Project("{FAE04EC0-301F-11D3-BF4B-00C04F79EFBC}") = "Word Custom Ribbon", "Word Custom Ribbon\Word Custom Ribbon.csproj", "{9FDBFA25-C057-48CF-9CBA-6B9EA9E8D43C}"
EndProject
Project("{930C7802-8A8C-48F9-8165-68863BCCD9DD}") = "Office Custom Ribbon Setup", "Office Custom Ribbon Setup\Office Custom Ribbon Setup.wixproj", "{209F6AAE-4A4C-4BF0-95E5-83F6115DEF40}"
EndProject
Global
	GlobalSection(SolutionConfigurationPlatforms) = preSolution
		Debug|Any CPU = Debug|Any CPU
		Debug|x64 = Debug|x64
		Debug|x86 = Debug|x86
		Release|Any CPU = Release|Any CPU
		Release|x64 = Release|x64
		Release|x86 = Release|x86
	EndGlobalSection
	GlobalSection(ProjectConfigurationPlatforms) = postSolution
		{C9F357AF-9CE8-418E-8300-4F32D2F68F54}.Debug|Any CPU.ActiveCfg = Debug|Any CPU
		{C9F357AF-9CE8-418E-8300-4F32D2F68F54}.Debug|Any CPU.Build.0 = Debug|Any CPU
		{C9F357AF-9CE8-418E-8300-4F32D2F68F54}.Debug|x64.ActiveCfg = Debug|Any CPU
		{C9F357AF-9CE8-418E-8300-4F32D2F68F54}.Debug|x64.Build.0 = Debug|Any CPU
		{C9F357AF-9CE8-418E-8300-4F32D2F68F54}.Debug|x86.ActiveCfg = Debug|Any CPU
		{C9F357AF-9CE8-418E-8300-4F32D2F68F54}.Debug|x86.Build.0 = Debug|Any CPU
		{C9F357AF-9CE8-418E-8300-4F32D2F68F54}.Release|Any CPU.ActiveCfg = Release|Any CPU
		{C9F357AF-9CE8-418E-8300-4F32D2F68F54}.Release|Any CPU.Build.0 = Release|Any CPU
		{C9F357AF-9CE8-418E-8300-4F32D2F68F54}.Release|x64.ActiveCfg = Release|Any CPU
		{C9F357AF-9CE8-418E-8300-4F32D2F68F54}.Release|x64.Build.0 = Release|Any CPU
		{C9F357AF-9CE8-418E-8300-4F32D2F68F54}.Release|x86.ActiveCfg = Release|Any CPU
		{C9F357AF-9CE8-418E-8300-4F32D2F68F54}.Release|x86.Build.0 = Release|Any CPU
		{9FDBFA25-C057-48CF-9CBA-6B9EA9E8D43C}.Debug|Any CPU.ActiveCfg = Debug|Any CPU
		{9FDBFA25-C057-48CF-9CBA-6B9EA9E8D43C}.Debug|Any CPU.Build.0 = Debug|Any CPU
		{9FDBFA25-C057-48CF-9CBA-6B9EA9E8D43C}.Debug|x64.ActiveCfg = Debug|Any CPU
		{9FDBFA25-C057-48CF-9CBA-6B9EA9E8D43C}.Debug|x64.Build.0 = Debug|Any CPU
		{9FDBFA25-C057-48CF-9CBA-6B9EA9E8D43C}.Debug|x86.ActiveCfg = Debug|Any CPU
		{9FDBFA25-C057-48CF-9CBA-6B9EA9E8D43C}.Debug|x86.Build.0 = Debug|Any CPU
		{9FDBFA25-C057-48CF-9CBA-6B9EA9E8D43C}.Release|Any CPU.ActiveCfg = Release|Any CPU
		{9FDBFA25-C057-48CF-9CBA-6B9EA9E8D43C}.Release|Any CPU.Build.0 = Release|Any CPU
		{9FDBFA25-C057-48CF-9CBA-6B9EA9E8D43C}.Release|x64.ActiveCfg = Release|Any CPU
		{9FDBFA25-C057-48CF-9CBA-6B9EA9E8D43C}.Release|x64.Build.0 = Release|Any CPU
		{9FDBFA25-C057-48CF-9CBA-6B9EA9E8D43C}.Release|x86.ActiveCfg = Release|Any CPU
		{9FDBFA25-C057-48CF-9CBA-6B9EA9E8D43C}.Release|x86.Build.0 = Release|Any CPU
		{209F6AAE-4A4C-4BF0-95E5-83F6115DEF40}.Debug|Any CPU.ActiveCfg = Debug|x86
		{209F6AAE-4A4C-4BF0-95E5-83F6115DEF40}.Debug|x64.ActiveCfg = Debug|x64
		{209F6AAE-4A4C-4BF0-95E5-83F6115DEF40}.Debug|x64.Build.0 = Debug|x64
		{209F6AAE-4A4C-4BF0-95E5-83F6115DEF40}.Debug|x86.ActiveCfg = Debug|x64
		{209F6AAE-4A4C-4BF0-95E5-83F6115DEF40}.Debug|x86.Build.0 = Debug|x64
		{209F6AAE-4A4C-4BF0-95E5-83F6115DEF40}.Release|Any CPU.ActiveCfg = Release|x86
		{209F6AAE-4A4C-4BF0-95E5-83F6115DEF40}.Release|x64.ActiveCfg = Release|x64
		{209F6AAE-4A4C-4BF0-95E5-83F6115DEF40}.Release|x64.Build.0 = Release|x64
		{209F6AAE-4A4C-4BF0-95E5-83F6115DEF40}.Release|x86.ActiveCfg = Release|x86
		{209F6AAE-4A4C-4BF0-95E5-83F6115DEF40}.Release|x86.Build.0 = Release|x86
	EndGlobalSection
	GlobalSection(SolutionProperties) = preSolution
		HideSolutionNode = FALSE
	EndGlobalSection
	GlobalSection(ExtensibilityGlobals) = postSolution
		SolutionGuid = {20E321B3-97AB-408D-A114-8AB4D30BEBDA}
	EndGlobalSection
EndGlobal
