
Microsoft Visual Studio Solution File, Format Version 12.00
# Visual Studio 15
VisualStudioVersion = 15.0.28307.902
MinimumVisualStudioVersion = 10.0.40219.1
Project("{FAE04EC0-301F-11D3-BF4B-00C04F79EFBC}") = "Excel Custom Ribbon", "Excel Custom Ribbon\Excel Custom Ribbon.csproj", "{C9F357AF-9CE8-418E-8300-4F32D2F68F54}"
EndProject
Global
	GlobalSection(SolutionConfigurationPlatforms) = preSolution
		Debug|Any CPU = Debug|Any CPU
		Release|Any CPU = Release|Any CPU
	EndGlobalSection
	GlobalSection(ProjectConfigurationPlatforms) = postSolution
		{C9F357AF-9CE8-418E-8300-4F32D2F68F54}.Debug|Any CPU.ActiveCfg = Debug|Any CPU
		{C9F357AF-9CE8-418E-8300-4F32D2F68F54}.Debug|Any CPU.Build.0 = Debug|Any CPU
		{C9F357AF-9CE8-418E-8300-4F32D2F68F54}.Release|Any CPU.ActiveCfg = Release|Any CPU
		{C9F357AF-9CE8-418E-8300-4F32D2F68F54}.Release|Any CPU.Build.0 = Release|Any CPU
	EndGlobalSection
	GlobalSection(SolutionProperties) = preSolution
		HideSolutionNode = FALSE
	EndGlobalSection
	GlobalSection(ExtensibilityGlobals) = postSolution
		SolutionGuid = {20E321B3-97AB-408D-A114-8AB4D30BEBDA}
	EndGlobalSection
EndGlobal
